
Microsoft Visual Studio Solution File, Format Version 12.00
# Visual Studio Version 17
VisualStudioVersion = 17.5.33414.496
MinimumVisualStudioVersion = 10.0.40219.1
Project("{FAE04EC0-301F-11D3-BF4B-00C04F79EFBC}") = "tpmodul7_kelompok_09", "tpmodul7_kelompok_09\tpmodul7_kelompok_09.csproj", "{30F9968C-0BB1-4BF0-9C1C-639071EC587F}"
EndProject
Global
	GlobalSection(SolutionConfigurationPlatforms) = preSolution
		Debug|Any CPU = Debug|Any CPU
		Release|Any CPU = Release|Any CPU
	EndGlobalSection
	GlobalSection(ProjectConfigurationPlatforms) = postSolution
		{30F9968C-0BB1-4BF0-9C1C-639071EC587F}.Debug|Any CPU.ActiveCfg = Debug|Any CPU
		{30F9968C-0BB1-4BF0-9C1C-639071EC587F}.Debug|Any CPU.Build.0 = Debug|Any CPU
		{30F9968C-0BB1-4BF0-9C1C-639071EC587F}.Release|Any CPU.ActiveCfg = Release|Any CPU
		{30F9968C-0BB1-4BF0-9C1C-639071EC587F}.Release|Any CPU.Build.0 = Release|Any CPU
	EndGlobalSection
	GlobalSection(SolutionProperties) = preSolution
		HideSolutionNode = FALSE
	EndGlobalSection
	GlobalSection(ExtensibilityGlobals) = postSolution
		SolutionGuid = {F0B474C2-8728-4D84-A54B-DE4E5378D205}
	EndGlobalSection
EndGlobal
